
Microsoft Visual Studio Solution File, Format Version 12.00
# Visual Studio 14
VisualStudioVersion = 14.0.25420.1
MinimumVisualStudioVersion = 10.0.40219.1
Project("{FAE04EC0-301F-11D3-BF4B-00C04F79EFBC}") = "Fiap.Exemplo2.Web.MVC", "Fiap.Exemplo2.Web.MVC\Fiap.Exemplo2.Web.MVC.csproj", "{105EB7D8-A8B0-4D5F-8DCF-3FB8E76F0AB7}"
EndProject
Global
	GlobalSection(SolutionConfigurationPlatforms) = preSolution
		Debug|Any CPU = Debug|Any CPU
		Release|Any CPU = Release|Any CPU
	EndGlobalSection
	GlobalSection(ProjectConfigurationPlatforms) = postSolution
		{105EB7D8-A8B0-4D5F-8DCF-3FB8E76F0AB7}.Debug|Any CPU.ActiveCfg = Debug|Any CPU
		{105EB7D8-A8B0-4D5F-8DCF-3FB8E76F0AB7}.Debug|Any CPU.Build.0 = Debug|Any CPU
		{105EB7D8-A8B0-4D5F-8DCF-3FB8E76F0AB7}.Release|Any CPU.ActiveCfg = Release|Any CPU
		{105EB7D8-A8B0-4D5F-8DCF-3FB8E76F0AB7}.Release|Any CPU.Build.0 = Release|Any CPU
	EndGlobalSection
	GlobalSection(SolutionProperties) = preSolution
		HideSolutionNode = FALSE
	EndGlobalSection
EndGlobal
